
Microsoft Visual Studio Solution File, Format Version 12.00
# Visual Studio Version 17
VisualStudioVersion = 17.6.33815.320
MinimumVisualStudioVersion = 10.0.40219.1
Project("{9A19103F-16F7-4668-BE54-9A1E7A4F7556}") = "AppHack", "AppHack\AppHack.csproj", "{840C03B7-6039-47F2-A2E1-39133EE4D5D0}"
EndProject
Project("{FAE04EC0-301F-11D3-BF4B-00C04F79EFBC}") = "GreenHellModHack", "GreenHellModHack\GreenHellModHack.csproj", "{901C94E5-AFE4-44F3-B1D8-E29C36FA56FF}"
EndProject
Project("{FAE04EC0-301F-11D3-BF4B-00C04F79EFBC}") = "Assembly-CSharp", "..\..\..\..\..\..\UnityProject\Green Hell Hack\Assembly-CSharp.csproj", "{69AEB10A-397C-92B9-E2F9-883DA77AB7B5}"
EndProject
Project("{8BC9CEB8-8B4A-11D0-8D11-00A0C91BC942}") = "LearnHackMono", "LearnHackMono\LearnHackMono.vcxproj", "{0C4B62B2-D6D2-47ED-9069-06E8086F8D83}"
EndProject
Global
	GlobalSection(SolutionConfigurationPlatforms) = preSolution
		Debug|Any CPU = Debug|Any CPU
		Debug|x64 = Debug|x64
		Debug|x86 = Debug|x86
		Release|Any CPU = Release|Any CPU
		Release|x64 = Release|x64
		Release|x86 = Release|x86
	EndGlobalSection
	GlobalSection(ProjectConfigurationPlatforms) = postSolution
		{840C03B7-6039-47F2-A2E1-39133EE4D5D0}.Debug|Any CPU.ActiveCfg = Debug|Any CPU
		{840C03B7-6039-47F2-A2E1-39133EE4D5D0}.Debug|Any CPU.Build.0 = Debug|Any CPU
		{840C03B7-6039-47F2-A2E1-39133EE4D5D0}.Debug|x64.ActiveCfg = Debug|Any CPU
		{840C03B7-6039-47F2-A2E1-39133EE4D5D0}.Debug|x64.Build.0 = Debug|Any CPU
		{840C03B7-6039-47F2-A2E1-39133EE4D5D0}.Debug|x86.ActiveCfg = Debug|Any CPU
		{840C03B7-6039-47F2-A2E1-39133EE4D5D0}.Debug|x86.Build.0 = Debug|Any CPU
		{840C03B7-6039-47F2-A2E1-39133EE4D5D0}.Release|Any CPU.ActiveCfg = Release|Any CPU
		{840C03B7-6039-47F2-A2E1-39133EE4D5D0}.Release|Any CPU.Build.0 = Release|Any CPU
		{840C03B7-6039-47F2-A2E1-39133EE4D5D0}.Release|x64.ActiveCfg = Release|Any CPU
		{840C03B7-6039-47F2-A2E1-39133EE4D5D0}.Release|x64.Build.0 = Release|Any CPU
		{840C03B7-6039-47F2-A2E1-39133EE4D5D0}.Release|x86.ActiveCfg = Release|Any CPU
		{840C03B7-6039-47F2-A2E1-39133EE4D5D0}.Release|x86.Build.0 = Release|Any CPU
		{901C94E5-AFE4-44F3-B1D8-E29C36FA56FF}.Debug|Any CPU.ActiveCfg = Debug|Any CPU
		{901C94E5-AFE4-44F3-B1D8-E29C36FA56FF}.Debug|Any CPU.Build.0 = Debug|Any CPU
		{901C94E5-AFE4-44F3-B1D8-E29C36FA56FF}.Debug|x64.ActiveCfg = Debug|Any CPU
		{901C94E5-AFE4-44F3-B1D8-E29C36FA56FF}.Debug|x64.Build.0 = Debug|Any CPU
		{901C94E5-AFE4-44F3-B1D8-E29C36FA56FF}.Debug|x86.ActiveCfg = Debug|Any CPU
		{901C94E5-AFE4-44F3-B1D8-E29C36FA56FF}.Debug|x86.Build.0 = Debug|Any CPU
		{901C94E5-AFE4-44F3-B1D8-E29C36FA56FF}.Release|Any CPU.ActiveCfg = Release|Any CPU
		{901C94E5-AFE4-44F3-B1D8-E29C36FA56FF}.Release|Any CPU.Build.0 = Release|Any CPU
		{901C94E5-AFE4-44F3-B1D8-E29C36FA56FF}.Release|x64.ActiveCfg = Release|Any CPU
		{901C94E5-AFE4-44F3-B1D8-E29C36FA56FF}.Release|x64.Build.0 = Release|Any CPU
		{901C94E5-AFE4-44F3-B1D8-E29C36FA56FF}.Release|x86.ActiveCfg = Release|Any CPU
		{901C94E5-AFE4-44F3-B1D8-E29C36FA56FF}.Release|x86.Build.0 = Release|Any CPU
		{69AEB10A-397C-92B9-E2F9-883DA77AB7B5}.Debug|Any CPU.ActiveCfg = Debug|Any CPU
		{69AEB10A-397C-92B9-E2F9-883DA77AB7B5}.Debug|Any CPU.Build.0 = Debug|Any CPU
		{69AEB10A-397C-92B9-E2F9-883DA77AB7B5}.Debug|x64.ActiveCfg = Debug|Any CPU
		{69AEB10A-397C-92B9-E2F9-883DA77AB7B5}.Debug|x64.Build.0 = Debug|Any CPU
		{69AEB10A-397C-92B9-E2F9-883DA77AB7B5}.Debug|x86.ActiveCfg = Debug|Any CPU
		{69AEB10A-397C-92B9-E2F9-883DA77AB7B5}.Debug|x86.Build.0 = Debug|Any CPU
		{69AEB10A-397C-92B9-E2F9-883DA77AB7B5}.Release|Any CPU.ActiveCfg = Release|Any CPU
		{69AEB10A-397C-92B9-E2F9-883DA77AB7B5}.Release|Any CPU.Build.0 = Release|Any CPU
		{69AEB10A-397C-92B9-E2F9-883DA77AB7B5}.Release|x64.ActiveCfg = Release|Any CPU
		{69AEB10A-397C-92B9-E2F9-883DA77AB7B5}.Release|x64.Build.0 = Release|Any CPU
		{69AEB10A-397C-92B9-E2F9-883DA77AB7B5}.Release|x86.ActiveCfg = Release|Any CPU
		{69AEB10A-397C-92B9-E2F9-883DA77AB7B5}.Release|x86.Build.0 = Release|Any CPU
		{0C4B62B2-D6D2-47ED-9069-06E8086F8D83}.Debug|Any CPU.ActiveCfg = Debug|x64
		{0C4B62B2-D6D2-47ED-9069-06E8086F8D83}.Debug|Any CPU.Build.0 = Debug|x64
		{0C4B62B2-D6D2-47ED-9069-06E8086F8D83}.Debug|x64.ActiveCfg = Debug|x64
		{0C4B62B2-D6D2-47ED-9069-06E8086F8D83}.Debug|x64.Build.0 = Debug|x64
		{0C4B62B2-D6D2-47ED-9069-06E8086F8D83}.Debug|x86.ActiveCfg = Debug|Win32
		{0C4B62B2-D6D2-47ED-9069-06E8086F8D83}.Debug|x86.Build.0 = Debug|Win32
		{0C4B62B2-D6D2-47ED-9069-06E8086F8D83}.Release|Any CPU.ActiveCfg = Release|x64
		{0C4B62B2-D6D2-47ED-9069-06E8086F8D83}.Release|Any CPU.Build.0 = Release|x64
		{0C4B62B2-D6D2-47ED-9069-06E8086F8D83}.Release|x64.ActiveCfg = Release|x64
		{0C4B62B2-D6D2-47ED-9069-06E8086F8D83}.Release|x64.Build.0 = Release|x64
		{0C4B62B2-D6D2-47ED-9069-06E8086F8D83}.Release|x86.ActiveCfg = Release|Win32
		{0C4B62B2-D6D2-47ED-9069-06E8086F8D83}.Release|x86.Build.0 = Release|Win32
	EndGlobalSection
	GlobalSection(SolutionProperties) = preSolution
		HideSolutionNode = FALSE
	EndGlobalSection
	GlobalSection(ExtensibilityGlobals) = postSolution
		SolutionGuid = {ED957F3A-54BC-456F-83B8-2A07D4BF1E3B}
	EndGlobalSection
EndGlobal
